version = 1
revision = 3
requires-python = ">=3.12"

[[package]]
name = "astroid"
version = "3.3.11"
source = { registry = "https://pypi.org/simple" }
sdist = { url = "https://files.pythonhosted.org/packages/18/74/dfb75f9ccd592bbedb175d4a32fc643cf569d7c218508bfbd6ea7ef9c091/astroid-3.3.11.tar.gz", hash = "sha256:1e5a5011af2920c7c67a53f65d536d65bfa7116feeaf2354d8b94f29573bb0ce", size = 400439, upload-time = "2025-07-13T18:04:23.177Z" }
wheels = [
    { url = "https://files.pythonhosted.org/packages/af/0f/3b8fdc946b4d9cc8cc1e8af42c4e409468c84441b933d037e101b3d72d86/astroid-3.3.11-py3-none-any.whl", hash = "sha256:54c760ae8322ece1abd213057c4b5bba7c49818853fc901ef09719a60dbf9dec", size = 275612, upload-time = "2025-07-13T18:04:21.07Z" },
]

[[package]]
name = "colorama"
version = "0.4.6"
source = { registry = "https://pypi.org/simple" }
sdist = { url = "https://files.pythonhosted.org/packages/d8/53/6f443c9a4a8358a93a6792e2acffb9d9d5cb0a5cfd8802644b7b1c9a02e4/colorama-0.4.6.tar.gz", hash = "sha256:08695f5cb7ed6e0531a20572697297273c47b8cae5a63ffc6d6ed5c201be6e44", size = 27697, upload-time = "2022-10-25T02:36:22.414Z" }
wheels = [
    { url = "https://files.pythonhosted.org/packages/d1/d6/3965ed04c63042e047cb6a3e6ed1a63a35087b6a609aa3a15ed8ac56c221/colorama-0.4.6-py2.py3-none-any.whl", hash = "sha256:4f1d9991f5acc0ca119f9d443620b77f9d6b33703e51011c16baf57afb285fc6", size = 25335, upload-time = "2022-10-25T02:36:20.889Z" },
]

[[package]]
name = "dill"
version = "0.4.0"
source = { registry = "https://pypi.org/simple" }
sdist = { url = "https://files.pythonhosted.org/packages/12/80/630b4b88364e9a8c8c5797f4602d0f76ef820909ee32f0bacb9f90654042/dill-0.4.0.tar.gz", hash = "sha256:0633f1d2df477324f53a895b02c901fb961bdbf65a17122586ea7019292cbcf0", size = 186976, upload-time = "2025-04-16T00:41:48.867Z" }
wheels = [
    { url = "https://files.pythonhosted.org/packages/50/3d/9373ad9c56321fdab5b41197068e1d8c25883b3fea29dd361f9b55116869/dill-0.4.0-py3-none-any.whl", hash = "sha256:44f54bf6412c2c8464c14e8243eb163690a9800dbe2c367330883b19c7561049", size = 119668, upload-time = "2025-04-16T00:41:47.671Z" },
]

[[package]]
name = "dynaconf"
version = "3.2.11"
source = { registry = "https://pypi.org/simple" }
sdist = { url = "https://files.pythonhosted.org/packages/62/eb/e9d1249ff56b11e63fd8c7d0fcc1f94704e21693c16862bf0ebfb07bd61a/dynaconf-3.2.11.tar.gz", hash = "sha256:4cfc6a730c533bf1a1d0bf266ae202133a22236bb3227d23eff4b8542d4034a5", size = 234694, upload-time = "2025-05-06T15:44:59.16Z" }
wheels = [
    { url = "https://files.pythonhosted.org/packages/36/64/580c74003a356c5662e7b1da43ecd7cbda6e8f970c87b30c5a654c8ccb53/dynaconf-3.2.11-py2.py3-none-any.whl", hash = "sha256:660de90879d4da236f79195692a7d197957224d7acf922bcc6899187dc7b4a27", size = 236536, upload-time = "2025-05-06T15:44:56.18Z" },
]

[[package]]
name = "fishsense-api-workflow-worker"
version = "0.1.0"
source = { editable = "." }
dependencies = [
    { name = "dynaconf" },
    { name = "temporalio" },
]

[package.dev-dependencies]
dev = [
    { name = "pylint" },
]

[package.metadata]
requires-dist = [
    { name = "dynaconf", specifier = ">=3.2.11" },
    { name = "temporalio", specifier = ">=1.15.0" },
]

[package.metadata.requires-dev]
dev = [{ name = "pylint", specifier = ">=3.3.8" }]

[[package]]
name = "isort"
version = "6.0.1"
source = { registry = "https://pypi.org/simple" }
sdist = { url = "https://files.pythonhosted.org/packages/b8/21/1e2a441f74a653a144224d7d21afe8f4169e6c7c20bb13aec3a2dc3815e0/isort-6.0.1.tar.gz", hash = "sha256:1cb5df28dfbc742e490c5e41bad6da41b805b0a8be7bc93cd0fb2a8a890ac450", size = 821955, upload-time = "2025-02-26T21:13:16.955Z" }
wheels = [
    { url = "https://files.pythonhosted.org/packages/c1/11/114d0a5f4dabbdcedc1125dee0888514c3c3b16d3e9facad87ed96fad97c/isort-6.0.1-py3-none-any.whl", hash = "sha256:2dc5d7f65c9678d94c88dfc29161a320eec67328bc97aad576874cb4be1e9615", size = 94186, upload-time = "2025-02-26T21:13:14.911Z" },
]

[[package]]
name = "mccabe"
version = "0.7.0"
source = { registry = "https://pypi.org/simple" }
sdist = { url = "https://files.pythonhosted.org/packages/e7/ff/0ffefdcac38932a54d2b5eed4e0ba8a408f215002cd178ad1df0f2806ff8/mccabe-0.7.0.tar.gz", hash = "sha256:348e0240c33b60bbdf4e523192ef919f28cb2c3d7d5c7794f74009290f236325", size = 9658, upload-time = "2022-01-24T01:14:51.113Z" }
wheels = [
    { url = "https://files.pythonhosted.org/packages/27/1a/1f68f9ba0c207934b35b86a8ca3aad8395a3d6dd7921c0686e23853ff5a9/mccabe-0.7.0-py2.py3-none-any.whl", hash = "sha256:6c2d30ab6be0e4a46919781807b4f0d834ebdd6c6e3dca0bda5a15f863427b6e", size = 7350, upload-time = "2022-01-24T01:14:49.62Z" },
]

[[package]]
name = "nexus-rpc"
version = "1.1.0"
source = { registry = "https://pypi.org/simple" }
dependencies = [
    { name = "typing-extensions" },
]
sdist = { url = "https://files.pythonhosted.org/packages/ef/66/540687556bd28cf1ec370cc6881456203dfddb9dab047b8979c6865b5984/nexus_rpc-1.1.0.tar.gz", hash = "sha256:d65ad6a2f54f14e53ebe39ee30555eaeb894102437125733fb13034a04a44553", size = 77383, upload-time = "2025-07-07T19:03:58.368Z" }
wheels = [
    { url = "https://files.pythonhosted.org/packages/bf/2f/9e9d0dcaa4c6ffa22b7aa31069a8a264c753ff8027b36af602cce038c92f/nexus_rpc-1.1.0-py3-none-any.whl", hash = "sha256:d1b007af2aba186a27e736f8eaae39c03aed05b488084ff6c3d1785c9ba2ad38", size = 27743, upload-time = "2025-07-07T19:03:57.556Z" },
]

[[package]]
name = "platformdirs"
version = "4.3.8"
source = { registry = "https://pypi.org/simple" }
sdist = { url = "https://files.pythonhosted.org/packages/fe/8b/3c73abc9c759ecd3f1f7ceff6685840859e8070c4d947c93fae71f6a0bf2/platformdirs-4.3.8.tar.gz", hash = "sha256:3d512d96e16bcb959a814c9f348431070822a6496326a4be0911c40b5a74c2bc", size = 21362, upload-time = "2025-05-07T22:47:42.121Z" }
wheels = [
    { url = "https://files.pythonhosted.org/packages/fe/39/979e8e21520d4e47a0bbe349e2713c0aac6f3d853d0e5b34d76206c439aa/platformdirs-4.3.8-py3-none-any.whl", hash = "sha256:ff7059bb7eb1179e2685604f4aaf157cfd9535242bd23742eadc3c13542139b4", size = 18567, upload-time = "2025-05-07T22:47:40.376Z" },
]

[[package]]
name = "protobuf"
version = "5.29.5"
source = { registry = "https://pypi.org/simple" }
sdist = { url = "https://files.pythonhosted.org/packages/43/29/d09e70352e4e88c9c7a198d5645d7277811448d76c23b00345670f7c8a38/protobuf-5.29.5.tar.gz", hash = "sha256:bc1463bafd4b0929216c35f437a8e28731a2b7fe3d98bb77a600efced5a15c84", size = 425226, upload-time = "2025-05-28T23:51:59.82Z" }
wheels = [
    { url = "https://files.pythonhosted.org/packages/5f/11/6e40e9fc5bba02988a214c07cf324595789ca7820160bfd1f8be96e48539/protobuf-5.29.5-cp310-abi3-win32.whl", hash = "sha256:3f1c6468a2cfd102ff4703976138844f78ebd1fb45f49011afc5139e9e283079", size = 422963, upload-time = "2025-05-28T23:51:41.204Z" },
    { url = "https://files.pythonhosted.org/packages/81/7f/73cefb093e1a2a7c3ffd839e6f9fcafb7a427d300c7f8aef9c64405d8ac6/protobuf-5.29.5-cp310-abi3-win_amd64.whl", hash = "sha256:3f76e3a3675b4a4d867b52e4a5f5b78a2ef9565549d4037e06cf7b0942b1d3fc", size = 434818, upload-time = "2025-05-28T23:51:44.297Z" },
    { url = "https://files.pythonhosted.org/packages/dd/73/10e1661c21f139f2c6ad9b23040ff36fee624310dc28fba20d33fdae124c/protobuf-5.29.5-cp38-abi3-macosx_10_9_universal2.whl", hash = "sha256:e38c5add5a311f2a6eb0340716ef9b039c1dfa428b28f25a7838ac329204a671", size = 418091, upload-time = "2025-05-28T23:51:45.907Z" },
    { url = "https://files.pythonhosted.org/packages/6c/04/98f6f8cf5b07ab1294c13f34b4e69b3722bb609c5b701d6c169828f9f8aa/protobuf-5.29.5-cp38-abi3-manylinux2014_aarch64.whl", hash = "sha256:fa18533a299d7ab6c55a238bf8629311439995f2e7eca5caaff08663606e9015", size = 319824, upload-time = "2025-05-28T23:51:47.545Z" },
    { url = "https://files.pythonhosted.org/packages/85/e4/07c80521879c2d15f321465ac24c70efe2381378c00bf5e56a0f4fbac8cd/protobuf-5.29.5-cp38-abi3-manylinux2014_x86_64.whl", hash = "sha256:63848923da3325e1bf7e9003d680ce6e14b07e55d0473253a690c3a8b8fd6e61", size = 319942, upload-time = "2025-05-28T23:51:49.11Z" },
    { url = "https://files.pythonhosted.org/packages/7e/cc/7e77861000a0691aeea8f4566e5d3aa716f2b1dece4a24439437e41d3d25/protobuf-5.29.5-py3-none-any.whl", hash = "sha256:6cf42630262c59b2d8de33954443d94b746c952b01434fc58a417fdbd2e84bd5", size = 172823, upload-time = "2025-05-28T23:51:58.157Z" },
]

[[package]]
name = "pylint"
version = "3.3.8"
source = { registry = "https://pypi.org/simple" }
dependencies = [
    { name = "astroid" },
    { name = "colorama", marker = "sys_platform == 'win32'" },
    { name = "dill" },
    { name = "isort" },
    { name = "mccabe" },
    { name = "platformdirs" },
    { name = "tomlkit" },
]
sdist = { url = "https://files.pythonhosted.org/packages/9d/58/1f614a84d3295c542e9f6e2c764533eea3f318f4592dc1ea06c797114767/pylint-3.3.8.tar.gz", hash = "sha256:26698de19941363037e2937d3db9ed94fb3303fdadf7d98847875345a8bb6b05", size = 1523947, upload-time = "2025-08-09T09:12:57.234Z" }
wheels = [
    { url = "https://files.pythonhosted.org/packages/2d/1a/711e93a7ab6c392e349428ea56e794a3902bb4e0284c1997cff2d7efdbc1/pylint-3.3.8-py3-none-any.whl", hash = "sha256:7ef94aa692a600e82fabdd17102b73fc226758218c97473c7ad67bd4cb905d83", size = 523153, upload-time = "2025-08-09T09:12:54.836Z" },
]

[[package]]
name = "temporalio"
version = "1.15.0"
source = { registry = "https://pypi.org/simple" }
dependencies = [
    { name = "nexus-rpc" },
    { name = "protobuf" },
    { name = "types-protobuf" },
    { name = "typing-extensions" },
]
sdist = { url = "https://files.pythonhosted.org/packages/0b/af/1a3619fc62333d0acbdf90cfc5ada97e68e8c0f79610363b2dbb30871d83/temporalio-1.15.0.tar.gz", hash = "sha256:a4bc6ca01717880112caab75d041713aacc8263dc66e41f5019caef68b344fa0", size = 1684485, upload-time = "2025-07-29T03:44:09.071Z" }
wheels = [
    { url = "https://files.pythonhosted.org/packages/0e/2d/0153f2bc459e0cb59d41d4dd71da46bf9a98ca98bc37237576c258d6696b/temporalio-1.15.0-cp39-abi3-macosx_10_12_x86_64.whl", hash = "sha256:74bc5cc0e6bdc161a43015538b0821b8713f5faa716c4209971c274b528e0d47", size = 12703607, upload-time = "2025-07-29T03:43:30.083Z" },
    { url = "https://files.pythonhosted.org/packages/e4/39/1b867ec698c8987aef3b7a7024b5c0c732841112fa88d021303d0fc69bea/temporalio-1.15.0-cp39-abi3-macosx_11_0_arm64.whl", hash = "sha256:ee8001304dae5723d79797516cfeebe04b966fdbdf348e658fce3b43afdda3cd", size = 12232853, upload-time = "2025-07-29T03:43:38.909Z" },
    { url = "https://files.pythonhosted.org/packages/5e/3e/647d9a7c8b2f638f639717404c0bcbdd7d54fddd7844fdb802e3f40dc55f/temporalio-1.15.0-cp39-abi3-manylinux_2_17_aarch64.manylinux2014_aarch64.whl", hash = "sha256:8febd1ac36720817e69c2176aa4aca14a97fe0b83f0d2449c0c730b8f0174d02", size = 12636700, upload-time = "2025-07-29T03:43:49.066Z" },
    { url = "https://files.pythonhosted.org/packages/9a/13/7aa9ec694fec9fba39efdbf61d892bccf7d2b1aa3d9bd359544534c1d309/temporalio-1.15.0-cp39-abi3-manylinux_2_17_x86_64.manylinux2014_x86_64.whl", hash = "sha256:202d81a42cafaed9ccc7ccbea0898838e3b8bf92fee65394f8790f37eafbaa63", size = 12860186, upload-time = "2025-07-29T03:43:57.644Z" },
    { url = "https://files.pythonhosted.org/packages/9f/2b/ba962401324892236148046dbffd805d4443d6df7a7dc33cc7964b566bf9/temporalio-1.15.0-cp39-abi3-win_amd64.whl", hash = "sha256:aae5b18d7c9960238af0f3ebf6b7e5959e05f452106fc0d21a8278d78724f780", size = 12932800, upload-time = "2025-07-29T03:44:06.271Z" },
]

[[package]]
name = "tomlkit"
version = "0.13.3"
source = { registry = "https://pypi.org/simple" }
sdist = { url = "https://files.pythonhosted.org/packages/cc/18/0bbf3884e9eaa38819ebe46a7bd25dcd56b67434402b66a58c4b8e552575/tomlkit-0.13.3.tar.gz", hash = "sha256:430cf247ee57df2b94ee3fbe588e71d362a941ebb545dec29b53961d61add2a1", size = 185207, upload-time = "2025-06-05T07:13:44.947Z" }
wheels = [
    { url = "https://files.pythonhosted.org/packages/bd/75/8539d011f6be8e29f339c42e633aae3cb73bffa95dd0f9adec09b9c58e85/tomlkit-0.13.3-py3-none-any.whl", hash = "sha256:c89c649d79ee40629a9fda55f8ace8c6a1b42deb912b2a8fd8d942ddadb606b0", size = 38901, upload-time = "2025-06-05T07:13:43.546Z" },
]

[[package]]
name = "types-protobuf"
version = "6.30.2.20250809"
source = { registry = "https://pypi.org/simple" }
sdist = { url = "https://files.pythonhosted.org/packages/d5/9e/8777c578b5b66f6ef99ce9dac4865b51016a52b1d681942fbf75ac35d60f/types_protobuf-6.30.2.20250809.tar.gz", hash = "sha256:b04f2998edf0d81bd8600bbd5db0b2adf547837eef6362ba364925cee21a33b4", size = 62204, upload-time = "2025-08-09T03:14:07.547Z" }
wheels = [
    { url = "https://files.pythonhosted.org/packages/2c/9a/43daca708592570539888d80d6b708dff0b1795218aaf6b13057cc2e2c18/types_protobuf-6.30.2.20250809-py3-none-any.whl", hash = "sha256:7afc2d3f569d281dd22f339179577243be60bf7d1dfb4bc13d0109859fb1f1be", size = 76389, upload-time = "2025-08-09T03:14:06.531Z" },
]

[[package]]
name = "typing-extensions"
version = "4.14.1"
source = { registry = "https://pypi.org/simple" }
sdist = { url = "https://files.pythonhosted.org/packages/98/5a/da40306b885cc8c09109dc2e1abd358d5684b1425678151cdaed4731c822/typing_extensions-4.14.1.tar.gz", hash = "sha256:38b39f4aeeab64884ce9f74c94263ef78f3c22467c8724005483154c26648d36", size = 107673, upload-time = "2025-07-04T13:28:34.16Z" }
wheels = [
    { url = "https://files.pythonhosted.org/packages/b5/00/d631e67a838026495268c2f6884f3711a15a9a2a96cd244fdaea53b823fb/typing_extensions-4.14.1-py3-none-any.whl", hash = "sha256:d1e1e3b58374dc93031d6eda2420a48ea44a36c2b4766a4fdeb3710755731d76", size = 43906, upload-time = "2025-07-04T13:28:32.743Z" },
]
